// !$*UTF8*$!
{
	archiveVersion = 1;
	classes = {
	};
	objectVersion = 46;
	objects = {

/* Begin PBXBuildFile section */
		EC9861AB1C7826D700C4821C /* AppDelegate.swift in Sources */ = {isa = PBXBuildFile; fileRef = EC9861AA1C7826D700C4821C /* AppDelegate.swift */; };
		EC9861AD1C7826D700C4821C /* ViewController.swift in Sources */ = {isa = PBXBuildFile; fileRef = EC9861AC1C7826D700C4821C /* ViewController.swift */; };
		EC9861B01C7826D700C4821C /* Main.storyboard in Resources */ = {isa = PBXBuildFile; fileRef = EC9861AE1C7826D700C4821C /* Main.storyboard */; };
		EC9861B21C7826D700C4821C /* Assets.xcassets in Resources */ = {isa = PBXBuildFile; fileRef = EC9861B11C7826D700C4821C /* Assets.xcassets */; };
		EC9861B51C7826D700C4821C /* LaunchScreen.storyboard in Resources */ = {isa = PBXBuildFile; fileRef = EC9861B31C7826D700C4821C /* LaunchScreen.storyboard */; };
		EC9861C01C7826D700C4821C /* LiT_ProjectTests.swift in Sources */ = {isa = PBXBuildFile; fileRef = EC9861BF1C7826D700C4821C /* LiT_ProjectTests.swift */; };
		EC9861CB1C7826D700C4821C /* LiT_ProjectUITests.swift in Sources */ = {isa = PBXBuildFile; fileRef = EC9861CA1C7826D700C4821C /* LiT_ProjectUITests.swift */; };
		EC9861D91C782E3400C4821C /* AddTaskViewController.swift in Sources */ = {isa = PBXBuildFile; fileRef = EC9861D81C782E3400C4821C /* AddTaskViewController.swift */; };
		EC9861DB1C782E6E00C4821C /* PhotoViewController.swift in Sources */ = {isa = PBXBuildFile; fileRef = EC9861DA1C782E6E00C4821C /* PhotoViewController.swift */; };
		EC9861E51C783F2200C4821C /* TaskListViewController.swift in Sources */ = {isa = PBXBuildFile; fileRef = EC9861E41C783F2200C4821C /* TaskListViewController.swift */; };
		EC996A631C86924800D16EA5 /* after.mp3 in Resources */ = {isa = PBXBuildFile; fileRef = EC996A621C86924800D16EA5 /* after.mp3 */; };
		ECE5FA1E1C83C10700638979 /* アプリタイトル.jpg in Resources */ = {isa = PBXBuildFile; fileRef = ECE5FA1D1C83C10700638979 /* アプリタイトル.jpg */; };
/* End PBXBuildFile section */

/* Begin PBXContainerItemProxy section */
		EC9861BC1C7826D700C4821C /* PBXContainerItemProxy */ = {
			isa = PBXContainerItemProxy;
			containerPortal = EC98619F1C7826D600C4821C /* Project object */;
			proxyType = 1;
			remoteGlobalIDString = EC9861A61C7826D600C4821C;
			remoteInfo = LiT_Project;
		};
		EC9861C71C7826D700C4821C /* PBXContainerItemProxy */ = {
			isa = PBXContainerItemProxy;
			containerPortal = EC98619F1C7826D600C4821C /* Project object */;
			proxyType = 1;
			remoteGlobalIDString = EC9861A61C7826D600C4821C;
			remoteInfo = LiT_Project;
		};
/* End PBXContainerItemProxy section */

/* Begin PBXFileReference section */
		EC9861A71C7826D600C4821C /* LiT_Project.app */ = {isa = PBXFileReference; explicitFileType = wrapper.application; includeInIndex = 0; path = LiT_Project.app; sourceTree = BUILT_PRODUCTS_DIR; };
		EC9861AA1C7826D700C4821C /* AppDelegate.swift */ = {isa = PBXFileReference; lastKnownFileType = sourcecode.swift; path = AppDelegate.swift; sourceTree = "<group>"; };
		EC9861AC1C7826D700C4821C /* ViewController.swift */ = {isa = PBXFileReference; lastKnownFileType = sourcecode.swift; path = ViewController.swift; sourceTree = "<group>"; };
		EC9861AF1C7826D700C4821C /* Base */ = {isa = PBXFileReference; lastKnownFileType = file.storyboard; name = Base; path = Base.lproj/Main.storyboard; sourceTree = "<group>"; };
		EC9861B11C7826D700C4821C /* Assets.xcassets */ = {isa = PBXFileReference; lastKnownFileType = folder.assetcatalog; path = Assets.xcassets; sourceTree = "<group>"; };
		EC9861B41C7826D700C4821C /* Base */ = {isa = PBXFileReference; lastKnownFileType = file.storyboard; name = Base; path = Base.lproj/LaunchScreen.storyboard; sourceTree = "<group>"; };
		EC9861B61C7826D700C4821C /* Info.plist */ = {isa = PBXFileReference; lastKnownFileType = text.plist.xml; path = Info.plist; sourceTree = "<group>"; };
		EC9861BB1C7826D700C4821C /* LiT_ProjectTests.xctest */ = {isa = PBXFileReference; explicitFileType = wrapper.cfbundle; includeInIndex = 0; path = LiT_ProjectTests.xctest; sourceTree = BUILT_PRODUCTS_DIR; };
		EC9861BF1C7826D700C4821C /* LiT_ProjectTests.swift */ = {isa = PBXFileReference; lastKnownFileType = sourcecode.swift; path = LiT_ProjectTests.swift; sourceTree = "<group>"; };
		EC9861C11C7826D700C4821C /* Info.plist */ = {isa = PBXFileReference; lastKnownFileType = text.plist.xml; path = Info.plist; sourceTree = "<group>"; };
		EC9861C61C7826D700C4821C /* LiT_ProjectUITests.xctest */ = {isa = PBXFileReference; explicitFileType = wrapper.cfbundle; includeInIndex = 0; path = LiT_ProjectUITests.xctest; sourceTree = BUILT_PRODUCTS_DIR; };
		EC9861CA1C7826D700C4821C /* LiT_ProjectUITests.swift */ = {isa = PBXFileReference; lastKnownFileType = sourcecode.swift; path = LiT_ProjectUITests.swift; sourceTree = "<group>"; };
		EC9861CC1C7826D700C4821C /* Info.plist */ = {isa = PBXFileReference; lastKnownFileType = text.plist.xml; path = Info.plist; sourceTree = "<group>"; };
		EC9861D81C782E3400C4821C /* AddTaskViewController.swift */ = {isa = PBXFileReference; fileEncoding = 4; lastKnownFileType = sourcecode.swift; path = AddTaskViewController.swift; sourceTree = "<group>"; };
		EC9861DA1C782E6E00C4821C /* PhotoViewController.swift */ = {isa = PBXFileReference; fileEncoding = 4; lastKnownFileType = sourcecode.swift; path = PhotoViewController.swift; sourceTree = "<group>"; };
		EC9861E41C783F2200C4821C /* TaskListViewController.swift */ = {isa = PBXFileReference; fileEncoding = 4; lastKnownFileType = sourcecode.swift; path = TaskListViewController.swift; sourceTree = "<group>"; };
		EC996A621C86924800D16EA5 /* after.mp3 */ = {isa = PBXFileReference; lastKnownFileType = audio.mp3; path = after.mp3; sourceTree = "<group>"; };
		ECE5FA1D1C83C10700638979 /* アプリタイトル.jpg */ = {isa = PBXFileReference; lastKnownFileType = image.jpeg; path = "アプリタイトル.jpg"; sourceTree = "<group>"; };
/* End PBXFileReference section */

/* Begin PBXFrameworksBuildPhase section */
		EC9861A41C7826D600C4821C /* Frameworks */ = {
			isa = PBXFrameworksBuildPhase;
			buildActionMask = 2147483647;
			files = (
			);
			runOnlyForDeploymentPostprocessing = 0;
		};
		EC9861B81C7826D700C4821C /* Frameworks */ = {
			isa = PBXFrameworksBuildPhase;
			buildActionMask = 2147483647;
			files = (
			);
			runOnlyForDeploymentPostprocessing = 0;
		};
		EC9861C31C7826D700C4821C /* Frameworks */ = {
			isa = PBXFrameworksBuildPhase;
			buildActionMask = 2147483647;
			files = (
			);
			runOnlyForDeploymentPostprocessing = 0;
		};
/* End PBXFrameworksBuildPhase section */

/* Begin PBXGroup section */
		EC98619E1C7826D600C4821C = {
			isa = PBXGroup;
			children = (
				EC9861A91C7826D700C4821C /* LiT_Project */,
				EC9861BE1C7826D700C4821C /* LiT_ProjectTests */,
				EC9861C91C7826D700C4821C /* LiT_ProjectUITests */,
				EC9861A81C7826D600C4821C /* Products */,
			);
			sourceTree = "<group>";
		};
		EC9861A81C7826D600C4821C /* Products */ = {
			isa = PBXGroup;
			children = (
				EC9861A71C7826D600C4821C /* LiT_Project.app */,
				EC9861BB1C7826D700C4821C /* LiT_ProjectTests.xctest */,
				EC9861C61C7826D700C4821C /* LiT_ProjectUITests.xctest */,
			);
			name = Products;
			sourceTree = "<group>";
		};
		EC9861A91C7826D700C4821C /* LiT_Project */ = {
			isa = PBXGroup;
			children = (
				EC996A621C86924800D16EA5 /* after.mp3 */,
				ECE5FA1D1C83C10700638979 /* アプリタイトル.jpg */,
				EC9861AA1C7826D700C4821C /* AppDelegate.swift */,
				EC9861AC1C7826D700C4821C /* ViewController.swift */,
				EC9861AE1C7826D700C4821C /* Main.storyboard */,
				EC9861B11C7826D700C4821C /* Assets.xcassets */,
				EC9861B31C7826D700C4821C /* LaunchScreen.storyboard */,
				EC9861B61C7826D700C4821C /* Info.plist */,
				EC9861D81C782E3400C4821C /* AddTaskViewController.swift */,
				EC9861DA1C782E6E00C4821C /* PhotoViewController.swift */,
				EC9861E41C783F2200C4821C /* TaskListViewController.swift */,
			);
			path = LiT_Project;
			sourceTree = "<group>";
		};
		EC9861BE1C7826D700C4821C /* LiT_ProjectTests */ = {
			isa = PBXGroup;
			children = (
				EC9861BF1C7826D700C4821C /* LiT_ProjectTests.swift */,
				EC9861C11C7826D700C4821C /* Info.plist */,
			);
			path = LiT_ProjectTests;
			sourceTree = "<group>";
		};
		EC9861C91C7826D700C4821C /* LiT_ProjectUITests */ = {
			isa = PBXGroup;
			children = (
				EC9861CA1C7826D700C4821C /* LiT_ProjectUITests.swift */,
				EC9861CC1C7826D700C4821C /* Info.plist */,
			);
			path = LiT_ProjectUITests;
			sourceTree = "<group>";
		};
/* End PBXGroup section */

/* Begin PBXNativeTarget section */
		EC9861A61C7826D600C4821C /* LiT_Project */ = {
			isa = PBXNativeTarget;
			buildConfigurationList = EC9861CF1C7826D700C4821C /* Build configuration list for PBXNativeTarget "LiT_Project" */;
			buildPhases = (
				EC9861A31C7826D600C4821C /* Sources */,
				EC9861A41C7826D600C4821C /* Frameworks */,
				EC9861A51C7826D600C4821C /* Resources */,
			);
			buildRules = (
			);
			dependencies = (
			);
			name = LiT_Project;
			productName = LiT_Project;
			productReference = EC9861A71C7826D600C4821C /* LiT_Project.app */;
			productType = "com.apple.product-type.application";
		};
		EC9861BA1C7826D700C4821C /* LiT_ProjectTests */ = {
			isa = PBXNativeTarget;
			buildConfigurationList = EC9861D21C7826D700C4821C /* Build configuration list for PBXNativeTarget "LiT_ProjectTests" */;
			buildPhases = (
				EC9861B71C7826D700C4821C /* Sources */,
				EC9861B81C7826D700C4821C /* Frameworks */,
				EC9861B91C7826D700C4821C /* Resources */,
			);
			buildRules = (
			);
			dependencies = (
				EC9861BD1C7826D700C4821C /* PBXTargetDependency */,
			);
			name = LiT_ProjectTests;
			productName = LiT_ProjectTests;
			productReference = EC9861BB1C7826D700C4821C /* LiT_ProjectTests.xctest */;
			productType = "com.apple.product-type.bundle.unit-test";
		};
		EC9861C51C7826D700C4821C /* LiT_ProjectUITests */ = {
			isa = PBXNativeTarget;
			buildConfigurationList = EC9861D51C7826D700C4821C /* Build configuration list for PBXNativeTarget "LiT_ProjectUITests" */;
			buildPhases = (
				EC9861C21C7826D700C4821C /* Sources */,
				EC9861C31C7826D700C4821C /* Frameworks */,
				EC9861C41C7826D700C4821C /* Resources */,
			);
			buildRules = (
			);
			dependencies = (
				EC9861C81C7826D700C4821C /* PBXTargetDependency */,
			);
			name = LiT_ProjectUITests;
			productName = LiT_ProjectUITests;
			productReference = EC9861C61C7826D700C4821C /* LiT_ProjectUITests.xctest */;
			productType = "com.apple.product-type.bundle.ui-testing";
		};
/* End PBXNativeTarget section */

/* Begin PBXProject section */
		EC98619F1C7826D600C4821C /* Project object */ = {
			isa = PBXProject;
			attributes = {
				LastSwiftUpdateCheck = 0720;
				LastUpgradeCheck = 0720;
				ORGANIZATIONNAME = "Masahiro Nambu";
				TargetAttributes = {
					EC9861A61C7826D600C4821C = {
						CreatedOnToolsVersion = 7.2.1;
						DevelopmentTeam = Z5FRHXC969;
					};
					EC9861BA1C7826D700C4821C = {
						CreatedOnToolsVersion = 7.2.1;
						DevelopmentTeam = Z5FRHXC969;
						TestTargetID = EC9861A61C7826D600C4821C;
					};
					EC9861C51C7826D700C4821C = {
						CreatedOnToolsVersion = 7.2.1;
						DevelopmentTeam = Z5FRHXC969;
						TestTargetID = EC9861A61C7826D600C4821C;
					};
				};
			};
			buildConfigurationList = EC9861A21C7826D600C4821C /* Build configuration list for PBXProject "LiT_Project" */;
			compatibilityVersion = "Xcode 3.2";
			developmentRegion = English;
			hasScannedForEncodings = 0;
			knownRegions = (
				en,
				Base,
			);
			mainGroup = EC98619E1C7826D600C4821C;
			productRefGroup = EC9861A81C7826D600C4821C /* Products */;
			projectDirPath = "";
			projectRoot = "";
			targets = (
				EC9861A61C7826D600C4821C /* LiT_Project */,
				EC9861BA1C7826D700C4821C /* LiT_ProjectTests */,
				EC9861C51C7826D700C4821C /* LiT_ProjectUITests */,
			);
		};
/* End PBXProject section */

/* Begin PBXResourcesBuildPhase section */
		EC9861A51C7826D600C4821C /* Resources */ = {
			isa = PBXResourcesBuildPhase;
			buildActionMask = 2147483647;
			files = (
				ECE5FA1E1C83C10700638979 /* アプリタイトル.jpg in Resources */,
				EC9861B51C7826D700C4821C /* LaunchScreen.storyboard in Resources */,
				EC9861B21C7826D700C4821C /* Assets.xcassets in Resources */,
				EC9861B01C7826D700C4821C /* Main.storyboard in Resources */,
				EC996A631C86924800D16EA5 /* after.mp3 in Resources */,
			);
			runOnlyForDeploymentPostprocessing = 0;
		};
		EC9861B91C7826D700C4821C /* Resources */ = {
			isa = PBXResourcesBuildPhase;
			buildActionMask = 2147483647;
			files = (
			);
			runOnlyForDeploymentPostprocessing = 0;
		};
		EC9861C41C7826D700C4821C /* Resources */ = {
			isa = PBXResourcesBuildPhase;
			buildActionMask = 2147483647;
			files = (
			);
			runOnlyForDeploymentPostprocessing = 0;
		};
/* End PBXResourcesBuildPhase section */

/* Begin PBXSourcesBuildPhase section */
		EC9861A31C7826D600C4821C /* Sources */ = {
			isa = PBXSourcesBuildPhase;
			buildActionMask = 2147483647;
			files = (
				EC9861AD1C7826D700C4821C /* ViewController.swift in Sources */,
				EC9861DB1C782E6E00C4821C /* PhotoViewController.swift in Sources */,
				EC9861E51C783F2200C4821C /* TaskListViewController.swift in Sources */,
				EC9861D91C782E3400C4821C /* AddTaskViewController.swift in Sources */,
				EC9861AB1C7826D700C4821C /* AppDelegate.swift in Sources */,
			);
			runOnlyForDeploymentPostprocessing = 0;
		};
		EC9861B71C7826D700C4821C /* Sources */ = {
			isa = PBXSourcesBuildPhase;
			buildActionMask = 2147483647;
			files = (
				EC9861C01C7826D700C4821C /* LiT_ProjectTests.swift in Sources */,
			);
			runOnlyForDeploymentPostprocessing = 0;
		};
		EC9861C21C7826D700C4821C /* Sources */ = {
			isa = PBXSourcesBuildPhase;
			buildActionMask = 2147483647;
			files = (
				EC9861CB1C7826D700C4821C /* LiT_ProjectUITests.swift in Sources */,
			);
			runOnlyForDeploymentPostprocessing = 0;
		};
/* End PBXSourcesBuildPhase section */

/* Begin PBXTargetDependency section */
		EC9861BD1C7826D700C4821C /* PBXTargetDependency */ = {
			isa = PBXTargetDependency;
			target = EC9861A61C7826D600C4821C /* LiT_Project */;
			targetProxy = EC9861BC1C7826D700C4821C /* PBXContainerItemProxy */;
		};
		EC9861C81C7826D700C4821C /* PBXTargetDependency */ = {
			isa = PBXTargetDependency;
			target = EC9861A61C7826D600C4821C /* LiT_Project */;
			targetProxy = EC9861C71C7826D700C4821C /* PBXContainerItemProxy */;
		};
/* End PBXTargetDependency section */

/* Begin PBXVariantGroup section */
		EC9861AE1C7826D700C4821C /* Main.storyboard */ = {
			isa = PBXVariantGroup;
			children = (
				EC9861AF1C7826D700C4821C /* Base */,
			);
			name = Main.storyboard;
			sourceTree = "<group>";
		};
		EC9861B31C7826D700C4821C /* LaunchScreen.storyboard */ = {
			isa = PBXVariantGroup;
			children = (
				EC9861B41C7826D700C4821C /* Base */,
			);
			name = LaunchScreen.storyboard;
			sourceTree = "<group>";
		};
/* End PBXVariantGroup section */

/* Begin XCBuildConfiguration section */
		EC9861CD1C7826D700C4821C /* Debug */ = {
			isa = XCBuildConfiguration;
			buildSettings = {
				ALWAYS_SEARCH_USER_PATHS = NO;
				CLANG_CXX_LANGUAGE_STANDARD = "gnu++0x";
				CLANG_CXX_LIBRARY = "libc++";
				CLANG_ENABLE_MODULES = YES;
				CLANG_ENABLE_OBJC_ARC = YES;
				CLANG_WARN_BOOL_CONVERSION = YES;
				CLANG_WARN_CONSTANT_CONVERSION = YES;
				CLANG_WARN_DIRECT_OBJC_ISA_USAGE = YES_ERROR;
				CLANG_WARN_EMPTY_BODY = YES;
				CLANG_WARN_ENUM_CONVERSION = YES;
				CLANG_WARN_INT_CONVERSION = YES;
				CLANG_WARN_OBJC_ROOT_CLASS = YES_ERROR;
				CLANG_WARN_UNREACHABLE_CODE = YES;
				CLANG_WARN__DUPLICATE_METHOD_MATCH = YES;
				"CODE_SIGN_IDENTITY[sdk=iphoneos*]" = "iPhone Developer";
				COPY_PHASE_STRIP = NO;
				DEBUG_INFORMATION_FORMAT = dwarf;
				ENABLE_STRICT_OBJC_MSGSEND = YES;
				ENABLE_TESTABILITY = YES;
				GCC_C_LANGUAGE_STANDARD = gnu99;
				GCC_DYNAMIC_NO_PIC = NO;
				GCC_NO_COMMON_BLOCKS = YES;
				GCC_OPTIMIZATION_LEVEL = 0;
				GCC_PREPROCESSOR_DEFINITIONS = (
					"DEBUG=1",
					"$(inherited)",
				);
				GCC_WARN_64_TO_32_BIT_CONVERSION = YES;
				GCC_WARN_ABOUT_RETURN_TYPE = YES_ERROR;
				GCC_WARN_UNDECLARED_SELECTOR = YES;
				GCC_WARN_UNINITIALIZED_AUTOS = YES_AGGRESSIVE;
				GCC_WARN_UNUSED_FUNCTION = YES;
				GCC_WARN_UNUSED_VARIABLE = YES;
				IPHONEOS_DEPLOYMENT_TARGET = 9.2;
				MTL_ENABLE_DEBUG_INFO = YES;
				ONLY_ACTIVE_ARCH = YES;
				SDKROOT = iphoneos;
				SWIFT_OPTIMIZATION_LEVEL = "-Onone";
			};
			name = Debug;
		};
		EC9861CE1C7826D700C4821C /* Release */ = {
			isa = XCBuildConfiguration;
			buildSettings = {
				ALWAYS_SEARCH_USER_PATHS = NO;
				CLANG_CXX_LANGUAGE_STANDARD = "gnu++0x";
				CLANG_CXX_LIBRARY = "libc++";
				CLANG_ENABLE_MODULES = YES;
				CLANG_ENABLE_OBJC_ARC = YES;
				CLANG_WARN_BOOL_CONVERSION = YES;
				CLANG_WARN_CONSTANT_CONVERSION = YES;
				CLANG_WARN_DIRECT_OBJC_ISA_USAGE = YES_ERROR;
				CLANG_WARN_EMPTY_BODY = YES;
				CLANG_WARN_ENUM_CONVERSION = YES;
				CLANG_WARN_INT_CONVERSION = YES;
				CLANG_WARN_OBJC_ROOT_CLASS = YES_ERROR;
				CLANG_WARN_UNREACHABLE_CODE = YES;
				CLANG_WARN__DUPLICATE_METHOD_MATCH = YES;
				"CODE_SIGN_IDENTITY[sdk=iphoneos*]" = "iPhone Developer";
				COPY_PHASE_STRIP = NO;
				DEBUG_INFORMATION_FORMAT = "dwarf-with-dsym";
				ENABLE_NS_ASSERTIONS = NO;
				ENABLE_STRICT_OBJC_MSGSEND = YES;
				GCC_C_LANGUAGE_STANDARD = gnu99;
				GCC_NO_COMMON_BLOCKS = YES;
				GCC_WARN_64_TO_32_BIT_CONVERSION = YES;
				GCC_WARN_ABOUT_RETURN_TYPE = YES_ERROR;
				GCC_WARN_UNDECLARED_SELECTOR = YES;
				GCC_WARN_UNINITIALIZED_AUTOS = YES_AGGRESSIVE;
				GCC_WARN_UNUSED_FUNCTION = YES;
				GCC_WARN_UNUSED_VARIABLE = YES;
				IPHONEOS_DEPLOYMENT_TARGET = 9.2;
				MTL_ENABLE_DEBUG_INFO = NO;
				SDKROOT = iphoneos;
				VALIDATE_PRODUCT = YES;
			};
			name = Release;
		};
		EC9861D01C7826D700C4821C /* Debug */ = {
			isa = XCBuildConfiguration;
			buildSettings = {
				ASSETCATALOG_COMPILER_APPICON_NAME = AppIcon;
				INFOPLIST_FILE = LiT_Project/Info.plist;
				LD_RUNPATH_SEARCH_PATHS = "$(inherited) @executable_path/Frameworks";
				PRODUCT_BUNDLE_IDENTIFIER = "com.litech.LiT-Project";
				PRODUCT_NAME = "$(TARGET_NAME)";
			};
			name = Debug;
		};
		EC9861D11C7826D700C4821C /* Release */ = {
			isa = XCBuildConfiguration;
			buildSettings = {
				ASSETCATALOG_COMPILER_APPICON_NAME = AppIcon;
				INFOPLIST_FILE = LiT_Project/Info.plist;
				LD_RUNPATH_SEARCH_PATHS = "$(inherited) @executable_path/Frameworks";
				PRODUCT_BUNDLE_IDENTIFIER = "com.litech.LiT-Project";
				PRODUCT_NAME = "$(TARGET_NAME)";
			};
			name = Release;
		};
		EC9861D31C7826D700C4821C /* Debug */ = {
			isa = XCBuildConfiguration;
			buildSettings = {
				BUNDLE_LOADER = "$(TEST_HOST)";
				INFOPLIST_FILE = LiT_ProjectTests/Info.plist;
				LD_RUNPATH_SEARCH_PATHS = "$(inherited) @executable_path/Frameworks @loader_path/Frameworks";
				PRODUCT_BUNDLE_IDENTIFIER = "com.litech.LiT-ProjectTests";
				PRODUCT_NAME = "$(TARGET_NAME)";
				TEST_HOST = "$(BUILT_PRODUCTS_DIR)/LiT_Project.app/LiT_Project";
			};
			name = Debug;
		};
		EC9861D41C7826D700C4821C /* Release */ = {
			isa = XCBuildConfiguration;
			buildSettings = {
				BUNDLE_LOADER = "$(TEST_HOST)";
				INFOPLIST_FILE = LiT_ProjectTests/Info.plist;
				LD_RUNPATH_SEARCH_PATHS = "$(inherited) @executable_path/Frameworks @loader_path/Frameworks";
				PRODUCT_BUNDLE_IDENTIFIER = "com.litech.LiT-ProjectTests";
				PRODUCT_NAME = "$(TARGET_NAME)";
				TEST_HOST = "$(BUILT_PRODUCTS_DIR)/LiT_Project.app/LiT_Project";
			};
			name = Release;
		};
		EC9861D61C7826D700C4821C /* Debug */ = {
			isa = XCBuildConfiguration;
			buildSettings = {
				INFOPLIST_FILE = LiT_ProjectUITests/Info.plist;
				LD_RUNPATH_SEARCH_PATHS = "$(inherited) @executable_path/Frameworks @loader_path/Frameworks";
				PRODUCT_BUNDLE_IDENTIFIER = "com.litech.LiT-ProjectUITests";
				PRODUCT_NAME = "$(TARGET_NAME)";
				TEST_TARGET_NAME = LiT_Project;
				USES_XCTRUNNER = YES;
			};
			name = Debug;
		};
		EC9861D71C7826D700C4821C /* Release */ = {
			isa = XCBuildConfiguration;
			buildSettings = {
				INFOPLIST_FILE = LiT_ProjectUITests/Info.plist;
				LD_RUNPATH_SEARCH_PATHS = "$(inherited) @executable_path/Frameworks @loader_path/Frameworks";
				PRODUCT_BUNDLE_IDENTIFIER = "com.litech.LiT-ProjectUITests";
				PRODUCT_NAME = "$(TARGET_NAME)";
				TEST_TARGET_NAME = LiT_Project;
				USES_XCTRUNNER = YES;
			};
			name = Release;
		};
/* End XCBuildConfiguration section */

/* Begin XCConfigurationList section */
		EC9861A21C7826D600C4821C /* Build configuration list for PBXProject "LiT_Project" */ = {
			isa = XCConfigurationList;
			buildConfigurations = (
				EC9861CD1C7826D700C4821C /* Debug */,
				EC9861CE1C7826D700C4821C /* Release */,
			);
			defaultConfigurationIsVisible = 0;
			defaultConfigurationName = Release;
		};
		EC9861CF1C7826D700C4821C /* Build configuration list for PBXNativeTarget "LiT_Project" */ = {
			isa = XCConfigurationList;
			buildConfigurations = (
				EC9861D01C7826D700C4821C /* Debug */,
				EC9861D11C7826D700C4821C /* Release */,
			);
			defaultConfigurationIsVisible = 0;
			defaultConfigurationName = Release;
		};
		EC9861D21C7826D700C4821C /* Build configuration list for PBXNativeTarget "LiT_ProjectTests" */ = {
			isa = XCConfigurationList;
			buildConfigurations = (
				EC9861D31C7826D700C4821C /* Debug */,
				EC9861D41C7826D700C4821C /* Release */,
			);
			defaultConfigurationIsVisible = 0;
			defaultConfigurationName = Release;
		};
		EC9861D51C7826D700C4821C /* Build configuration list for PBXNativeTarget "LiT_ProjectUITests" */ = {
			isa = XCConfigurationList;
			buildConfigurations = (
				EC9861D61C7826D700C4821C /* Debug */,
				EC9861D71C7826D700C4821C /* Release */,
			);
			defaultConfigurationIsVisible = 0;
			defaultConfigurationName = Release;
		};
/* End XCConfigurationList section */
	};
	rootObject = EC98619F1C7826D600C4821C /* Project object */;
}
